// !$*UTF8*$!
{
	archiveVersion = 1;
	classes = {
	};
	objectVersion = 46;
	objects = {

/* Begin PBXBuildFile section */
		7F2C21E51D24A45C0086A56C /* AppDelegate.swift in Sources */ = {isa = PBXBuildFile; fileRef = 7F2C21E41D24A45C0086A56C /* AppDelegate.swift */; };
		7F2C21E71D24A45C0086A56C /* GameScene.sks in Resources */ = {isa = PBXBuildFile; fileRef = 7F2C21E61D24A45C0086A56C /* GameScene.sks */; };
		7F2C21E91D24A45C0086A56C /* GameScene.swift in Sources */ = {isa = PBXBuildFile; fileRef = 7F2C21E81D24A45C0086A56C /* GameScene.swift */; };
		7F2C21EB1D24A45C0086A56C /* GameViewController.swift in Sources */ = {isa = PBXBuildFile; fileRef = 7F2C21EA1D24A45C0086A56C /* GameViewController.swift */; };
		7F2C21EE1D24A45C0086A56C /* Main.storyboard in Resources */ = {isa = PBXBuildFile; fileRef = 7F2C21EC1D24A45C0086A56C /* Main.storyboard */; };
		7F2C21F01D24A45C0086A56C /* Assets.xcassets in Resources */ = {isa = PBXBuildFile; fileRef = 7F2C21EF1D24A45C0086A56C /* Assets.xcassets */; };
		7F2C21F31D24A45C0086A56C /* LaunchScreen.storyboard in Resources */ = {isa = PBXBuildFile; fileRef = 7F2C21F11D24A45C0086A56C /* LaunchScreen.storyboard */; };
/* End PBXBuildFile section */

/* Begin PBXFileReference section */
		7F2C21E11D24A45C0086A56C /* SwipeTest.app */ = {isa = PBXFileReference; explicitFileType = wrapper.application; includeInIndex = 0; path = SwipeTest.app; sourceTree = BUILT_PRODUCTS_DIR; };
		7F2C21E41D24A45C0086A56C /* AppDelegate.swift */ = {isa = PBXFileReference; lastKnownFileType = sourcecode.swift; path = AppDelegate.swift; sourceTree = "<group>"; };
		7F2C21E61D24A45C0086A56C /* GameScene.sks */ = {isa = PBXFileReference; lastKnownFileType = file.sks; path = GameScene.sks; sourceTree = "<group>"; };
		7F2C21E81D24A45C0086A56C /* GameScene.swift */ = {isa = PBXFileReference; lastKnownFileType = sourcecode.swift; path = GameScene.swift; sourceTree = "<group>"; };
		7F2C21EA1D24A45C0086A56C /* GameViewController.swift */ = {isa = PBXFileReference; lastKnownFileType = sourcecode.swift; path = GameViewController.swift; sourceTree = "<group>"; };
		7F2C21ED1D24A45C0086A56C /* Base */ = {isa = PBXFileReference; lastKnownFileType = file.storyboard; name = Base; path = Base.lproj/Main.storyboard; sourceTree = "<group>"; };
		7F2C21EF1D24A45C0086A56C /* Assets.xcassets */ = {isa = PBXFileReference; lastKnownFileType = folder.assetcatalog; path = Assets.xcassets; sourceTree = "<group>"; };
		7F2C21F21D24A45C0086A56C /* Base */ = {isa = PBXFileReference; lastKnownFileType = file.storyboard; name = Base; path = Base.lproj/LaunchScreen.storyboard; sourceTree = "<group>"; };
		7F2C21F41D24A45C0086A56C /* Info.plist */ = {isa = PBXFileReference; lastKnownFileType = text.plist.xml; path = Info.plist; sourceTree = "<group>"; };
/* End PBXFileReference section */

/* Begin PBXFrameworksBuildPhase section */
		7F2C21DE1D24A45C0086A56C /* Frameworks */ = {
			isa = PBXFrameworksBuildPhase;
			buildActionMask = 2147483647;
			files = (
			);
			runOnlyForDeploymentPostprocessing = 0;
		};
/* End PBXFrameworksBuildPhase section */

/* Begin PBXGroup section */
		7F2C21D81D24A45C0086A56C = {
			isa = PBXGroup;
			children = (
				7F2C21E31D24A45C0086A56C /* SwipeTest */,
				7F2C21E21D24A45C0086A56C /* Products */,
			);
			sourceTree = "<group>";
		};
		7F2C21E21D24A45C0086A56C /* Products */ = {
			isa = PBXGroup;
			children = (
				7F2C21E11D24A45C0086A56C /* SwipeTest.app */,
			);
			name = Products;
			sourceTree = "<group>";
		};
		7F2C21E31D24A45C0086A56C /* SwipeTest */ = {
			isa = PBXGroup;
			children = (
				7F2C21E41D24A45C0086A56C /* AppDelegate.swift */,
				7F2C21E61D24A45C0086A56C /* GameScene.sks */,
				7F2C21E81D24A45C0086A56C /* GameScene.swift */,
				7F2C21EA1D24A45C0086A56C /* GameViewController.swift */,
				7F2C21EC1D24A45C0086A56C /* Main.storyboard */,
				7F2C21EF1D24A45C0086A56C /* Assets.xcassets */,
				7F2C21F11D24A45C0086A56C /* LaunchScreen.storyboard */,
				7F2C21F41D24A45C0086A56C /* Info.plist */,
			);
			path = SwipeTest;
			sourceTree = "<group>";
		};
/* End PBXGroup section */

/* Begin PBXNativeTarget section */
		7F2C21E01D24A45C0086A56C /* SwipeTest */ = {
			isa = PBXNativeTarget;
			buildConfigurationList = 7F2C21F71D24A45C0086A56C /* Build configuration list for PBXNativeTarget "SwipeTest" */;
			buildPhases = (
				7F2C21DD1D24A45C0086A56C /* Sources */,
				7F2C21DE1D24A45C0086A56C /* Frameworks */,
				7F2C21DF1D24A45C0086A56C /* Resources */,
			);
			buildRules = (
			);
			dependencies = (
			);
			name = SwipeTest;
			productName = SwipeTest;
			productReference = 7F2C21E11D24A45C0086A56C /* SwipeTest.app */;
			productType = "com.apple.product-type.application";
		};
/* End PBXNativeTarget section */

/* Begin PBXProject section */
		7F2C21D91D24A45C0086A56C /* Project object */ = {
			isa = PBXProject;
			attributes = {
				LastSwiftUpdateCheck = 0730;
				LastUpgradeCheck = 0730;
				ORGANIZATIONNAME = "Matthew Tso";
				TargetAttributes = {
					7F2C21E01D24A45C0086A56C = {
						CreatedOnToolsVersion = 7.3.1;
					};
				};
			};
			buildConfigurationList = 7F2C21DC1D24A45C0086A56C /* Build configuration list for PBXProject "SwipeTest" */;
			compatibilityVersion = "Xcode 3.2";
			developmentRegion = English;
			hasScannedForEncodings = 0;
			knownRegions = (
				en,
				Base,
			);
			mainGroup = 7F2C21D81D24A45C0086A56C;
			productRefGroup = 7F2C21E21D24A45C0086A56C /* Products */;
			projectDirPath = "";
			projectRoot = "";
			targets = (
				7F2C21E01D24A45C0086A56C /* SwipeTest */,
			);
		};
/* End PBXProject section */

/* Begin PBXResourcesBuildPhase section */
		7F2C21DF1D24A45C0086A56C /* Resources */ = {
			isa = PBXResourcesBuildPhase;
			buildActionMask = 2147483647;
			files = (
				7F2C21E71D24A45C0086A56C /* GameScene.sks in Resources */,
				7F2C21F31D24A45C0086A56C /* LaunchScreen.storyboard in Resources */,
				7F2C21F01D24A45C0086A56C /* Assets.xcassets in Resources */,
				7F2C21EE1D24A45C0086A56C /* Main.storyboard in Resources */,
			);
			runOnlyForDeploymentPostprocessing = 0;
		};
/* End PBXResourcesBuildPhase section */

/* Begin PBXSourcesBuildPhase section */
		7F2C21DD1D24A45C0086A56C /* Sources */ = {
			isa = PBXSourcesBuildPhase;
			buildActionMask = 2147483647;
			files = (
				7F2C21E91D24A45C0086A56C /* GameScene.swift in Sources */,
				7F2C21EB1D24A45C0086A56C /* GameViewController.swift in Sources */,
				7F2C21E51D24A45C0086A56C /* AppDelegate.swift in Sources */,
			);
			runOnlyForDeploymentPostprocessing = 0;
		};
/* End PBXSourcesBuildPhase section */

/* Begin PBXVariantGroup section */
		7F2C21EC1D24A45C0086A56C /* Main.storyboard */ = {
			isa = PBXVariantGroup;
			children = (
				7F2C21ED1D24A45C0086A56C /* Base */,
			);
			name = Main.storyboard;
			sourceTree = "<group>";
		};
		7F2C21F11D24A45C0086A56C /* LaunchScreen.storyboard */ = {
			isa = PBXVariantGroup;
			children = (
				7F2C21F21D24A45C0086A56C /* Base */,
			);
			name = LaunchScreen.storyboard;
			sourceTree = "<group>";
		};
/* End PBXVariantGroup section */

/* Begin XCBuildConfiguration section */
		7F2C21F51D24A45C0086A56C /* Debug */ = {
			isa = XCBuildConfiguration;
			buildSettings = {
				ALWAYS_SEARCH_USER_PATHS = NO;
				CLANG_ANALYZER_NONNULL = YES;
				CLANG_CXX_LANGUAGE_STANDARD = "gnu++0x";
				CLANG_CXX_LIBRARY = "libc++";
				CLANG_ENABLE_MODULES = YES;
				CLANG_ENABLE_OBJC_ARC = YES;
				CLANG_WARN_BOOL_CONVERSION = YES;
				CLANG_WARN_CONSTANT_CONVERSION = YES;
				CLANG_WARN_DIRECT_OBJC_ISA_USAGE = YES_ERROR;
				CLANG_WARN_EMPTY_BODY = YES;
				CLANG_WARN_ENUM_CONVERSION = YES;
				CLANG_WARN_INT_CONVERSION = YES;
				CLANG_WARN_OBJC_ROOT_CLASS = YES_ERROR;
				CLANG_WARN_UNREACHABLE_CODE = YES;
				CLANG_WARN__DUPLICATE_METHOD_MATCH = YES;
				"CODE_SIGN_IDENTITY[sdk=iphoneos*]" = "iPhone Developer";
				COPY_PHASE_STRIP = NO;
				DEBUG_INFORMATION_FORMAT = "dwarf-with-dsym";
				ENABLE_STRICT_OBJC_MSGSEND = YES;
				ENABLE_TESTABILITY = YES;
				GCC_C_LANGUAGE_STANDARD = gnu99;
				GCC_DYNAMIC_NO_PIC = NO;
				GCC_NO_COMMON_BLOCKS = YES;
				GCC_OPTIMIZATION_LEVEL = 0;
				GCC_PREPROCESSOR_DEFINITIONS = (
					"DEBUG=1",
					"$(inherited)",
				);
				GCC_WARN_64_TO_32_BIT_CONVERSION = YES;
				GCC_WARN_ABOUT_RETURN_TYPE = YES_ERROR;
				GCC_WARN_UNDECLARED_SELECTOR = YES;
				GCC_WARN_UNINITIALIZED_AUTOS = YES_AGGRESSIVE;
				GCC_WARN_UNUSED_FUNCTION = YES;
				GCC_WARN_UNUSED_VARIABLE = YES;
				IPHONEOS_DEPLOYMENT_TARGET = 9.3;
				MTL_ENABLE_DEBUG_INFO = YES;
				ONLY_ACTIVE_ARCH = YES;
				SDKROOT = iphoneos;
				SWIFT_OPTIMIZATION_LEVEL = "-Onone";
			};
			name = Debug;
		};
		7F2C21F61D24A45C0086A56C /* Release */ = {
			isa = XCBuildConfiguration;
			buildSettings = {
				ALWAYS_SEARCH_USER_PATHS = NO;
				CLANG_ANALYZER_NONNULL = YES;
				CLANG_CXX_LANGUAGE_STANDARD = "gnu++0x";
				CLANG_CXX_LIBRARY = "libc++";
				CLANG_ENABLE_MODULES = YES;
				CLANG_ENABLE_OBJC_ARC = YES;
				CLANG_WARN_BOOL_CONVERSION = YES;
				CLANG_WARN_CONSTANT_CONVERSION = YES;
				CLANG_WARN_DIRECT_OBJC_ISA_USAGE = YES_ERROR;
				CLANG_WARN_EMPTY_BODY = YES;
				CLANG_WARN_ENUM_CONVERSION = YES;
				CLANG_WARN_INT_CONVERSION = YES;
				CLANG_WARN_OBJC_ROOT_CLASS = YES_ERROR;
				CLANG_WARN_UNREACHABLE_CODE = YES;
				CLANG_WARN__DUPLICATE_METHOD_MATCH = YES;
				"CODE_SIGN_IDENTITY[sdk=iphoneos*]" = "iPhone Developer";
				COPY_PHASE_STRIP = NO;
				DEBUG_INFORMATION_FORMAT = "dwarf-with-dsym";
				ENABLE_NS_ASSERTIONS = NO;
				ENABLE_STRICT_OBJC_MSGSEND = YES;
				GCC_C_LANGUAGE_STANDARD = gnu99;
				GCC_NO_COMMON_BLOCKS = YES;
				GCC_WARN_64_TO_32_BIT_CONVERSION = YES;
				GCC_WARN_ABOUT_RETURN_TYPE = YES_ERROR;
				GCC_WARN_UNDECLARED_SELECTOR = YES;
				GCC_WARN_UNINITIALIZED_AUTOS = YES_AGGRESSIVE;
				GCC_WARN_UNUSED_FUNCTION = YES;
				GCC_WARN_UNUSED_VARIABLE = YES;
				IPHONEOS_DEPLOYMENT_TARGET = 9.3;
				MTL_ENABLE_DEBUG_INFO = NO;
				SDKROOT = iphoneos;
				VALIDATE_PRODUCT = YES;
			};
			name = Release;
		};
		7F2C21F81D24A45C0086A56C /* Debug */ = {
			isa = XCBuildConfiguration;
			buildSettings = {
				ASSETCATALOG_COMPILER_APPICON_NAME = AppIcon;
				INFOPLIST_FILE = SwipeTest/Info.plist;
				LD_RUNPATH_SEARCH_PATHS = "$(inherited) @executable_path/Frameworks";
				PRODUCT_BUNDLE_IDENTIFIER = com.mtso.SwipeTest;
				PRODUCT_NAME = "$(TARGET_NAME)";
			};
			name = Debug;
		};
		7F2C21F91D24A45C0086A56C /* Release */ = {
			isa = XCBuildConfiguration;
			buildSettings = {
				ASSETCATALOG_COMPILER_APPICON_NAME = AppIcon;
				INFOPLIST_FILE = SwipeTest/Info.plist;
				LD_RUNPATH_SEARCH_PATHS = "$(inherited) @executable_path/Frameworks";
				PRODUCT_BUNDLE_IDENTIFIER = com.mtso.SwipeTest;
				PRODUCT_NAME = "$(TARGET_NAME)";
			};
			name = Release;
		};
/* End XCBuildConfiguration section */

/* Begin XCConfigurationList section */
		7F2C21DC1D24A45C0086A56C /* Build configuration list for PBXProject "SwipeTest" */ = {
			isa = XCConfigurationList;
			buildConfigurations = (
				7F2C21F51D24A45C0086A56C /* Debug */,
				7F2C21F61D24A45C0086A56C /* Release */,
			);
			defaultConfigurationIsVisible = 0;
			defaultConfigurationName = Release;
		};
		7F2C21F71D24A45C0086A56C /* Build configuration list for PBXNativeTarget "SwipeTest" */ = {
			isa = XCConfigurationList;
			buildConfigurations = (
				7F2C21F81D24A45C0086A56C /* Debug */,
				7F2C21F91D24A45C0086A56C /* Release */,
			);
			defaultConfigurationIsVisible = 0;
		};
/* End XCConfigurationList section */
	};
	rootObject = 7F2C21D91D24A45C0086A56C /* Project object */;
}
